
Microsoft Visual Studio Solution File, Format Version 12.00
# Visual Studio Version 17
VisualStudioVersion = 17.3.32825.248
MinimumVisualStudioVersion = 10.0.40219.1
Project("{8BC9CEB8-8B4A-11D0-8D11-00A0C91BC942}") = "Game", "Game\Game.vcxproj", "{129C2ED6-0FDF-4757-A832-5C406059A0FD}"
EndProject
Project("{8BC9CEB8-8B4A-11D0-8D11-00A0C91BC942}") = "Engine", "LAGGED\LAGGED.vcxproj", "{C4B46334-7FEC-4381-B040-E80490FEB70C}"
EndProject
Project("{8BC9CEB8-8B4A-11D0-8D11-00A0C91BC942}") = "Editor", "Editor\Editor.vcxproj", "{F80AE8DF-84C5-454B-A369-3A1EE4CC6647}"
	ProjectSection(ProjectDependencies) = postProject
		{C4B46334-7FEC-4381-B040-E80490FEB70C} = {C4B46334-7FEC-4381-B040-E80490FEB70C}
	EndProjectSection
EndProject
Global
	GlobalSection(SolutionConfigurationPlatforms) = preSolution
		OpenGL_Debug|x64 = OpenGL_Debug|x64
		OpenGL_Release|x64 = OpenGL_Release|x64
	EndGlobalSection
	GlobalSection(ProjectConfigurationPlatforms) = postSolution
		{129C2ED6-0FDF-4757-A832-5C406059A0FD}.OpenGL_Debug|x64.ActiveCfg = OpenGL_Debug|x64
		{129C2ED6-0FDF-4757-A832-5C406059A0FD}.OpenGL_Debug|x64.Build.0 = OpenGL_Debug|x64
		{129C2ED6-0FDF-4757-A832-5C406059A0FD}.OpenGL_Release|x64.ActiveCfg = OpenGL_Release|x64
		{129C2ED6-0FDF-4757-A832-5C406059A0FD}.OpenGL_Release|x64.Build.0 = OpenGL_Release|x64
		{C4B46334-7FEC-4381-B040-E80490FEB70C}.OpenGL_Debug|x64.ActiveCfg = OpenGL_Debug|x64
		{C4B46334-7FEC-4381-B040-E80490FEB70C}.OpenGL_Debug|x64.Build.0 = OpenGL_Debug|x64
		{C4B46334-7FEC-4381-B040-E80490FEB70C}.OpenGL_Release|x64.ActiveCfg = OpenGL_Release|x64
		{C4B46334-7FEC-4381-B040-E80490FEB70C}.OpenGL_Release|x64.Build.0 = OpenGL_Release|x64
		{F80AE8DF-84C5-454B-A369-3A1EE4CC6647}.OpenGL_Debug|x64.ActiveCfg = OpenGL_Debug|x64
		{F80AE8DF-84C5-454B-A369-3A1EE4CC6647}.OpenGL_Debug|x64.Build.0 = OpenGL_Debug|x64
		{F80AE8DF-84C5-454B-A369-3A1EE4CC6647}.OpenGL_Release|x64.ActiveCfg = OpenGL_Release|x64
		{F80AE8DF-84C5-454B-A369-3A1EE4CC6647}.OpenGL_Release|x64.Build.0 = OpenGL_Release|x64
	EndGlobalSection
	GlobalSection(SolutionProperties) = preSolution
		HideSolutionNode = FALSE
	EndGlobalSection
	GlobalSection(ExtensibilityGlobals) = postSolution
		SolutionGuid = {A0F11189-A473-49E9-B01D-52EBB603A3E6}
	EndGlobalSection
EndGlobal
