<?xml version="1.0" encoding="utf-8"?>
<Project ToolsVersion="4.0" xmlns="http://schemas.microsoft.com/developer/msbuild/2003">
  <ItemGroup>
    <Natvis Include="src\Utility\Natvis\glm.natvis" />
    <Natvis Include="src\Utility\Natvis\imgui.natvis" />
  </ItemGroup>
  <ItemGroup>
    <FxCompile Include="res\Shaders\DX12\PixelShader.hlsl" />
    <FxCompile Include="res\Shaders\DX12\VertexShader.hlsl" />
  </ItemGroup>
  <ItemGroup>
    <ClCompile Include="src\FileIO\FileIO.cpp" />
    <ClCompile Include="src\Core\Resources\Texture.cpp" />
    <ClCompile Include="src\Editor\Tools\ImGuiTools.cpp" />
    <ClCompile Include="src\ECS\Components\BasicComponents.cpp" />
    <ClCompile Include="src\ECS\Components\CameraComponent.cpp" />
    <ClCompile Include="src\ECS\Components\LightComponent.cpp" />
    <ClCompile Include="src\ECS\Components\TerrainComponents.cpp" />
    <ClCompile Include="src\ECS\Meta\ReflectionTypeDefinitions.cpp" />
    <ClCompile Include="src\Editor\EditorLayout.cpp" />
    <ClCompile Include="src\Editor\EntityViewer.cpp" />
    <ClCompile Include="imgui\ImGuizmo\ImGuizmo.cpp" />
    <ClCompile Include="src\Editor\Gizmo.cpp" />
    <ClCompile Include="src\Editor\ToolsManager.cpp" />
    <ClCompile Include="src\Editor\Tools\EntityViewer.cpp" />
    <ClCompile Include="imgui\ImGuizmo\ImGuizmo.cpp" />
    <ClCompile Include="src\Editor\Tools\Gizmo.cpp" />
    <ClCompile Include="src\ECS\Systems\BasicSystems.cpp" />
    <ClCompile Include="src\Platform\OpenGL\Renderer\GL_FrameBuffer.cpp" />
    <ClCompile Include="src\Platform\OpenGL\Renderer\GL_Surface.cpp" />
    <ClCompile Include="src\ECS\Systems\CameraSystem.cpp" />
    <ClCompile Include="imgui\ImGui\imgui.cpp" />
    <ClCompile Include="imgui\ImGui\imgui_demo.cpp" />
    <ClCompile Include="imgui\ImGui\imgui_draw.cpp" />
    <ClCompile Include="imgui\ImGui\imgui_impl_glfw.cpp" />
    <ClCompile Include="imgui\ImGui\imgui_impl_opengl3.cpp" />
    <ClCompile Include="imgui\ImGui\imgui_tables.cpp" />
    <ClCompile Include="imgui\ImGui\imgui_widgets.cpp" />
    <ClCompile Include="src\ECS\Entity.cpp" />
    <ClCompile Include="src\ECS\Scene.cpp" />
    <ClCompile Include="src\Platform\OpenGL\Renderer\Exceptions\GL_GraphicsException.cpp" />
    <ClCompile Include="src\Core\Resources\Resource.cpp" />
    <ClCompile Include="src\Core\Resources\ResourceManager.cpp" />
    <ClCompile Include="src\Platform\OpenGL\Renderer\GL_Model.cpp" />
    <ClCompile Include="src\Platform\OpenGL\Renderer\GL_Texture.cpp" />
    <ClCompile Include="src\Platform\OpenGL\Renderer\GL_Shader.cpp" />
    <ClCompile Include="src\Core\Input\Input.cpp" />
    <ClCompile Include="src\Platform\OpenGL\Renderer\GL_Renderer.cpp" />
    <ClCompile Include="src\Platform\OpenGL\Window\GL_Window.cpp" />
    <ClCompile Include="src\Platform\DX12\Renderer\DX12_CommandQueue.cpp" />
    <ClCompile Include="src\Platform\DX12\Renderer\DX12_Mesh.cpp" />
    <ClCompile Include="src\Utility\Logger.cpp" />
    <ClCompile Include="src\Core\Engine.cpp" />
    <ClCompile Include="src\Platform\DX12\Renderer\DX12_Renderer.cpp" />
    <ClCompile Include="src\Platform\DX12\Renderer\Exceptions\DX12_RenderException.cpp" />
    <ClCompile Include="src\Platform\DX12\Renderer\Exceptions\DX12_InfoQueueManager.cpp" />
    <ClCompile Include="src\Platform\DX12\Renderer\DX12_Utility.cpp" />
    <ClCompile Include="src\Platform\Base\ExceptionBase.cpp" />
    <ClCompile Include="src\Platform\DX12\Window\Exceptions\DX12_WindowException.cpp" />
    <ClCompile Include="src\Platform\DX12\Window\DX12_Window.cpp" />
    <ClCompile Include="src\Platform\DX12\Window\DX12_WindowClass.cpp" />
    <ClCompile Include="src\Utility\Noise.cpp" />
    <ClCompile Include="src\Utility\Timer.cpp" />
    <ClCompile Include="src\Utility\UniqueID.cpp" />
    <ClCompile Include="src\ECS\Systems\TerrainSystems.cpp" />
    <ClCompile Include="src\Platform\Base\Window.cpp" />
  </ItemGroup>
  <ItemGroup>
    <ClInclude Include="src\FileIO\FileIO.h" />
    <ClInclude Include="src\Core\Resources\ResourceHandles.h" />
    <ClInclude Include="src\ECS\Components\TerrainComponents.h" />
    <ClInclude Include="src\ECS\Meta\ReflectionDefines.h" />
    <ClInclude Include="src\ECS\Meta\ReflectionTypeDefinitions.h" />
    <ClInclude Include="src\ECS\Meta\ReflectionTypeWidgets.h" />
    <ClInclude Include="src\Editor\ToolsManager.h" />
    <ClInclude Include="src\Editor\ToolBase.h" />
    <ClInclude Include="src\Editor\Tools\EntityViewer.h" />
    <ClInclude Include="imgui\ImGuizmo\ImGuizmo.h" />
    <ClInclude Include="src\Editor\Tools\Gizmo.h" />
    <ClInclude Include="src\ECS\Systems\BasicSystems.h" />
    <ClInclude Include="src\Platform\Base\Renderer\FrameBuffer.h" />
    <ClInclude Include="src\Platform\OpenGL\Renderer\GL_FrameBuffer.h" />
    <ClInclude Include="src\Core\Resources\Shader.h" />
    <ClInclude Include="src\Platform\OpenGL\Renderer\GL_Surface.h" />
    <ClInclude Include="src\Core\Resources\Surface.h" />
    <ClInclude Include="src\Editor\Grid.h" />
    <ClInclude Include="src\ECS\Systems\CameraSystem.h" />
    <ClInclude Include="imgui\ImGui\imconfig.h" />
    <ClInclude Include="imgui\ImGui\imgui.h" />
    <ClInclude Include="imgui\ImGui\imgui_impl_glfw.h" />
    <ClInclude Include="imgui\ImGui\imgui_impl_opengl3.h" />
    <ClInclude Include="imgui\ImGui\imgui_impl_opengl3_loader.h" />
    <ClInclude Include="imgui\ImGui\imgui_internal.h" />
    <ClInclude Include="imgui\ImGui\imstb_rectpack.h" />
    <ClInclude Include="imgui\ImGui\imstb_textedit.h" />
    <ClInclude Include="imgui\ImGui\imstb_truetype.h" />
    <ClInclude Include="src\ECS\Components\BasicComponents.h" />
    <ClInclude Include="src\ECS\Components\CameraComponent.h" />
    <ClInclude Include="src\ECS\Components\LightComponent.h" />
    <ClInclude Include="src\ECS\Components\MeshComponent.h" />
    <ClInclude Include="src\ECS\Entity.h" />
    <ClInclude Include="src\ECS\Scene.h" />
    <ClInclude Include="src\Core\Resources\Texture.h" />
    <ClInclude Include="src\Platform\OpenGL\Renderer\Exceptions\GL_GraphicsException.h" />
    <ClInclude Include="src\Core\Resources\Resource.h" />
    <ClInclude Include="src\Core\Resources\ResourceManager.h" />
    <ClInclude Include="src\Core\Resources\Model.h" />
    <ClInclude Include="src\Platform\Base\Renderer\ResourceLoadingIncludes.h" />
    <ClInclude Include="src\Platform\OpenGL\Renderer\Exceptions\GL_GraphicsExceptionMacros.h" />
    <ClInclude Include="src\Platform\OpenGL\Renderer\GL_Model.h" />
    <ClInclude Include="src\Platform\OpenGL\Renderer\GL_Texture.h" />
    <ClInclude Include="src\Platform\OpenGL\Renderer\GL_Shader.h" />
    <ClInclude Include="src\Core\Input\Input.h" />
    <ClInclude Include="src\Core\Memory\ResourcePtr.h" />
    <ClInclude Include="src\Platform\DX12\Window\DX12_InputEnumConversion.h" />
    <ClInclude Include="src\Platform\OpenGL\Window\GL_InputEnumConversion.h" />
    <ClInclude Include="src\Platform\DX12\Renderer\DX12_Mesh.h" />
    <ClInclude Include="src\Platform\DX12\Renderer\DX12_CommandQueue.h" />
    <ClInclude Include="src\Utility\Clamp.h" />
    <ClInclude Include="src\Utility\Logger.h" />
    <ClInclude Include="src\Platform\DX12\Renderer\DX12_Common.h" />
    <ClInclude Include="src\Platform\DX12\Renderer\DX12_Renderer.h" />
    <ClInclude Include="src\Platform\DX12\Renderer\Exceptions\DX12_InfoQueueManager.h" />
    <ClInclude Include="src\Platform\DX12\Renderer\Exceptions\DX12_RenderException.h" />
    <ClInclude Include="External\DirectX\d3dx12.h" />
    <ClInclude Include="src\Core\Engine.h" />
    <ClInclude Include="src\Platform\DX12\Renderer\d3dx12.h" />
    <ClInclude Include="src\Platform\DX12\Renderer\Exceptions\DX12_RenderExceptionMacros.h" />
    <ClInclude Include="src\Platform\DX12\Renderer\DX12_Utility.h" />
    <ClInclude Include="src\Platform\Base\ExceptionBase.h" />
    <ClInclude Include="src\Core\Defines.h" />
    <ClInclude Include="src\Core\ApplicationInterface.h" />
    <ClInclude Include="src\Core\EntryPoint.h" />
    <ClInclude Include="src\Platform\DX12\Window\Exceptions\DX12_WindowExceptionMacros.h" />
    <ClInclude Include="src\Platform\Base\Renderer\RendererBase.h" />
    <ClInclude Include="src\Platform\Window.h" />
    <ClInclude Include="src\Platform\Base\PlatformIncludes.h" />
    <ClInclude Include="src\Platform\DX12\Window\DX12_Window.h" />
    <ClInclude Include="src\Platform\DX12\Window\DX12_WindowClass.h" />
    <ClInclude Include="src\Platform\DX12\Window\Exceptions\DX12_WindowException.h" />
    <ClInclude Include="src\Utility\HashedString.h" />
    <ClInclude Include="src\Utility\Noise.h" />
    <ClInclude Include="src\Utility\Timer.h" />
    <ClInclude Include="src\Utility\UniqueID.h" />
    <ClInclude Include="src\ECS\Systems\TerrainSystems.h" />
  </ItemGroup>
  <ItemGroup>
    <CopyFileToFolders Include="..\External\FastNoise2\bin\FastNoise.dll" />
    <CopyFileToFolders Include="..\External\FastNoise2\bin\FastNoiseD.dll" />
  </ItemGroup>
  <ItemGroup>
    <None Include="res\Shaders\OpenGL\FrameBuffer.pixel.glsl" />
    <None Include="res\Shaders\OpenGL\FrameBuffer.vertex.glsl" />
    <None Include="res\Shaders\OpenGL\ObjectShader.pixel.glsl" />
    <None Include="res\Shaders\OpenGL\ObjectShader.vertex.glsl" />
    <None Include="res\Shaders\OpenGL\SurfaceShader.pixel.glsl" />
    <None Include="res\Shaders\OpenGL\SurfaceShader.vertex.glsl" />
  </ItemGroup>
</Project>