<?xml version="1.0" encoding="utf-8"?>
<Project ToolsVersion="4.0" xmlns="http://schemas.microsoft.com/developer/msbuild/2003">
  <ItemGroup>
    <Natvis Include="src\Utility\Natvis\glm.natvis" />
    <Natvis Include="src\Utility\Natvis\imgui.natvis" />
  </ItemGroup>
  <ItemGroup>
    <FxCompile Include="res\Shaders\DX12\PixelShader.hlsl" />
    <FxCompile Include="res\Shaders\DX12\VertexShader.hlsl" />
  </ItemGroup>
  <ItemGroup>
    <ClCompile Include="src\Editor\Tools\ImGuiTools.cpp" />
    <ClCompile Include="src\ECS\Components\BasicComponents.cpp" />
    <ClCompile Include="src\ECS\Components\CameraComponent.cpp" />
    <ClCompile Include="src\ECS\Components\LightComponent.cpp" />
    <ClCompile Include="src\ECS\Components\TerrainComponents.cpp" />
    <ClCompile Include="imgui\ImGuizmo\ImGuizmo.cpp" />
    <ClCompile Include="src\Editor\ToolsManager.cpp" />
    <ClCompile Include="src\Editor\Tools\EntityViewer.cpp" />
    <ClCompile Include="imgui\ImGuizmo\ImGuizmo.cpp" />
    <ClCompile Include="src\Editor\Tools\Gizmo.cpp" />
    <ClCompile Include="src\ECS\Systems\BasicSystems.cpp" />
    <ClCompile Include="src\ECS\Systems\CameraSystem.cpp" />
    <ClCompile Include="imgui\ImGui\imgui.cpp" />
    <ClCompile Include="imgui\ImGui\imgui_demo.cpp" />
    <ClCompile Include="imgui\ImGui\imgui_draw.cpp" />
    <ClCompile Include="imgui\ImGui\imgui_impl_glfw.cpp" />
    <ClCompile Include="imgui\ImGui\imgui_impl_opengl3.cpp" />
    <ClCompile Include="imgui\ImGui\imgui_tables.cpp" />
    <ClCompile Include="imgui\ImGui\imgui_widgets.cpp" />
    <ClCompile Include="src\ECS\Entity.cpp" />
    <ClCompile Include="src\ECS\Scene.cpp" />
    <ClCompile Include="src\Core\Resources\Resource.cpp" />
    <ClCompile Include="src\Core\Resources\ResourceManager.cpp" />
    <ClCompile Include="src\Core\Input\Input.cpp" />
    <ClCompile Include="src\Utility\Logger.cpp" />
    <ClCompile Include="src\Core\Engine.cpp" />
    <ClCompile Include="src\Utility\Noise.cpp" />
    <ClCompile Include="src\Utility\Timer.cpp" />
    <ClCompile Include="src\ECS\Systems\TerrainSystems.cpp" />
    <ClCompile Include="src\Platform\Window.cpp" />
    <ClCompile Include="src\Editor\Tools\CameraViewport.cpp" />
    <ClCompile Include="src\Core\IO\FileWatch.cpp" />
    <ClCompile Include="src\Core\IO\FileIO.cpp" />
    <ClCompile Include="src\Editor\Tools\LiveFileEditor.cpp" />
    <ClCompile Include="src\ECS\Components\ModelComponent.cpp" />
    <ClCompile Include="src\Utility\stb_image.cpp" />
    <ClCompile Include="src\Utility\Profiler.cpp" />
    <ClCompile Include="src\Editor\Tools\ProfilerViewer.cpp" />
    <ClCompile Include="src\Editor\ToolBase.cpp" />
    <ClCompile Include="src\ECS\Reflection\SceneReflect.cpp" />
    <ClCompile Include="src\Editor\UI\EditorGuiHelper.cpp" />
    <ClCompile Include="src\ECS\Containers.cpp" />
  </ItemGroup>
  <ItemGroup>
    <ClInclude Include="src\Core\Resources\ResourceHandles.h" />
    <ClInclude Include="src\ECS\Components\TerrainComponents.h" />
    <ClInclude Include="src\ECS\Reflection\ReflectionTypeWidgets.h" />
    <ClInclude Include="src\Editor\ToolsManager.h" />
    <ClInclude Include="src\Editor\ToolBase.h" />
    <ClInclude Include="src\Editor\Tools\EntityViewer.h" />
    <ClInclude Include="imgui\ImGuizmo\ImGuizmo.h" />
    <ClInclude Include="src\Editor\Tools\Gizmo.h" />
    <ClInclude Include="src\ECS\Systems\BasicSystems.h" />
    <ClInclude Include="src\ECS\Systems\CameraSystem.h" />
    <ClInclude Include="imgui\ImGui\imconfig.h" />
    <ClInclude Include="imgui\ImGui\imgui.h" />
    <ClInclude Include="imgui\ImGui\imgui_impl_glfw.h" />
    <ClInclude Include="imgui\ImGui\imgui_impl_opengl3.h" />
    <ClInclude Include="imgui\ImGui\imgui_impl_opengl3_loader.h" />
    <ClInclude Include="imgui\ImGui\imgui_internal.h" />
    <ClInclude Include="imgui\ImGui\imstb_rectpack.h" />
    <ClInclude Include="imgui\ImGui\imstb_textedit.h" />
    <ClInclude Include="imgui\ImGui\imstb_truetype.h" />
    <ClInclude Include="src\ECS\Components\BasicComponents.h" />
    <ClInclude Include="src\ECS\Components\CameraComponent.h" />
    <ClInclude Include="src\ECS\Components\LightComponent.h" />
    <ClInclude Include="src\ECS\Components\ModelComponent.h" />
    <ClInclude Include="src\ECS\Entity.h" />
    <ClInclude Include="src\ECS\Scene.h" />
    <ClInclude Include="src\Core\Resources\Resource.h" />
    <ClInclude Include="src\Core\Resources\ResourceManager.h" />
    <ClInclude Include="src\Platform\Base\Renderer\ResourceLoadingIncludes.h" />
    <ClInclude Include="src\Core\Input\Input.h" />
    <ClInclude Include="src\Platform\Utility\InputEnumConversion.h" />
    <ClInclude Include="src\Utility\Logger.h" />
    <ClInclude Include="External\DirectX\d3dx12.h" />
    <ClInclude Include="src\Core\Engine.h" />
    <ClInclude Include="src\Core\Defines.h" />
    <ClInclude Include="src\Core\ApplicationInterface.h" />
    <ClInclude Include="src\Core\EntryPoint.h" />
    <ClInclude Include="src\Platform\Window.h" />
    <ClInclude Include="src\Platform\Utility\PlatformIncludes.h" />
    <ClInclude Include="src\Utility\HashedString.h" />
    <ClInclude Include="src\Utility\Noise.h" />
    <ClInclude Include="src\Utility\Timer.h" />
    <ClInclude Include="src\ECS\Systems\TerrainSystems.h" />
    <ClInclude Include="src\Editor\Tools\CameraViewport.h" />
    <ClInclude Include="src\Editor\Tools\ImGuiTools.h" />
    <ClInclude Include="imgui\ImGuiTheme.h" />
    <ClInclude Include="src\Core\IO\FileWatch.h" />
    <ClInclude Include="src\Core\IO\FileIO.h" />
    <ClInclude Include="src\Editor\Tools\LiveFileEditor.h" />
    <ClInclude Include="src\Utility\StringUtility.h" />
    <ClInclude Include="src\ECS\TypeDefines.h" />
    <ClInclude Include="src\ECS\Reflection\SceneReflect.h" />
    <ClInclude Include="src\Platform\RenderBackend.h" />
    <ClInclude Include="src\Platform\Resources\Mesh.h" />
    <ClInclude Include="src\Platform\Resources\Model.h" />
    <ClInclude Include="src\Platform\Resources\Shader.h" />
    <ClInclude Include="src\Platform\Resources\Surface.h" />
    <ClInclude Include="src\Platform\Resources\Texture.h" />
    <ClInclude Include="src\Platform\Resources\Buffers\BufferLayout.h" />
    <ClInclude Include="src\Platform\Resources\Buffers\Buffers.h" />
    <ClInclude Include="src\Platform\Resources\Buffers\FrameBuffer.h" />
    <ClInclude Include="src\Platform\Resources\Cubemap.h" />
    <ClInclude Include="src\Platform\Defines.h" />
    <ClInclude Include="src\Platform\Resources\Skybox.h" />
    <ClInclude Include="src\Utility\Profiler.h" />
    <ClInclude Include="src\Editor\Tools\ProfilerViewer.h" />
    <ClInclude Include="src\ECS\Components\EditorComponent.h" />
    <ClInclude Include="src\Editor\UI\EditorGuiHelper.h" />
    <ClInclude Include="src\ECS\Containers.h" />
  </ItemGroup>
  <ItemGroup>
    <None Include="res\Shaders\OpenGL\FrameBuffer.pixel.glsl" />
    <None Include="res\Shaders\OpenGL\FrameBuffer.vertex.glsl" />
    <None Include="res\Shaders\OpenGL\ObjectShader.pixel.glsl" />
    <None Include="res\Shaders\OpenGL\ObjectShader.vertex.glsl" />
    <None Include="res\Shaders\OpenGL\SurfaceShader.pixel.glsl" />
    <None Include="res\Shaders\OpenGL\SurfaceShader.vertex.glsl" />
    <None Include="res\Shaders\OpenGL\LineRender.vertex.glsl" />
    <None Include="res\Shaders\OpenGL\LineRender.pixel.glsl" />
    <None Include="res\Shaders\OpenGL\Skybox.vertex.glsl" />
    <None Include="res\Shaders\OpenGL\Skybox.pixel.glsl" />
    <None Include="src\ECS\Scene.inl" />
    <None Include="src\ECS\Entity.inl" />
    <None Include="src\ECS\Reflection\SceneReflect.inl" />
  </ItemGroup>
</Project>